{
  "nodes": {
    "flake-utils": {
      "locked": {
        "lastModified": 1652372896,
        "narHash": "sha256-lURGussfF3mGrFPQT3zgW7+RC0pBhbHzco0C7I+ilow=",
        "owner": "numtide",
        "repo": "flake-utils",
        "rev": "0d347c56f6f41de822a4f4c7ff5072f3382db121",
        "type": "github"
      },
      "original": {
        "owner": "numtide",
        "repo": "flake-utils",
        "type": "github"
      }
    },
    "nixpkgs": {
      "locked": {
        "lastModified": 1652378418,
        "narHash": "sha256-2VQQrbKehPrNqrODMQN3Ly3BQgt1sCCGiF8AbodxCA0=",
        "owner": "nixos",
        "repo": "nixpkgs",
        "rev": "5eb5ae426107a2f1ad2f7c95d91d813b5a51656e",
        "type": "github"
      },
      "original": {
        "owner": "nixos",
        "repo": "nixpkgs",
        "type": "github"
      }
    },
    "root": {
      "inputs": {
        "flake-utils": "flake-utils",
        "nixpkgs": "nixpkgs"
      }
    }
  },
  "root": "root",
  "version": 7
}
