{
  "nodes": {
    "flake-utils": {
      "locked": {
        "lastModified": 1652372896,
        "narHash": "sha256-lURGussfF3mGrFPQT3zgW7+RC0pBhbHzco0C7I+ilow=",
        "owner": "numtide",
        "repo": "flake-utils",
        "rev": "0d347c56f6f41de822a4f4c7ff5072f3382db121",
        "type": "github"
      },
      "original": {
        "owner": "numtide",
        "repo": "flake-utils",
        "type": "github"
      }
    },
    "flake-utils_2": {
      "locked": {
        "lastModified": 1610051610,
        "narHash": "sha256-U9rPz/usA1/Aohhk7Cmc2gBrEEKRzcW4nwPWMPwja4Y=",
        "owner": "numtide",
        "repo": "flake-utils",
        "rev": "3982c9903e93927c2164caa727cd3f6a0e6d14cc",
        "type": "github"
      },
      "original": {
        "owner": "numtide",
        "repo": "flake-utils",
        "type": "github"
      }
    },
    "nixpkgs": {
      "locked": {
        "lastModified": 1652373136,
        "narHash": "sha256-YWfyuurUapUio7j5LwkNk+s8WVl1FopM3vEfXCTaXzA=",
        "owner": "nixos",
        "repo": "nixpkgs",
        "rev": "80b396fa2067a94511ffc79a67dfc6ed3eea7867",
        "type": "github"
      },
      "original": {
        "owner": "nixos",
        "repo": "nixpkgs",
        "type": "github"
      }
    },
    "nixpkgs_2": {
      "locked": {
        "lastModified": 1610729867,
        "narHash": "sha256-bk/SBaBLqZX/PEqal27DMQwAHHl0dcZMp8NNksQr80s=",
        "owner": "NixOS",
        "repo": "nixpkgs",
        "rev": "04af07c659c6723a2259bb6bc00a47ec53330f20",
        "type": "github"
      },
      "original": {
        "owner": "NixOS",
        "repo": "nixpkgs",
        "type": "github"
      }
    },
    "poetry2nix-src": {
      "inputs": {
        "flake-utils": "flake-utils_2",
        "nixpkgs": "nixpkgs_2"
      },
      "locked": {
        "lastModified": 1646413657,
        "narHash": "sha256-6P0+1MMNjQnH9GJX1ItsRQ3f7umOe+X+BhVTCS3ui38=",
        "owner": "jmgilman",
        "repo": "poetry2nix",
        "rev": "16f90451c8b7a0900cb26ddcd05cfc2a387170a5",
        "type": "github"
      },
      "original": {
        "owner": "jmgilman",
        "repo": "poetry2nix",
        "type": "github"
      }
    },
    "root": {
      "inputs": {
        "flake-utils": "flake-utils",
        "nixpkgs": "nixpkgs",
        "poetry2nix-src": "poetry2nix-src"
      }
    }
  },
  "root": "root",
  "version": 7
}
