{
  "nodes": {
    "flake-utils": {
      "locked": {
        "lastModified": 1652733177,
        "narHash": "sha256-mRpdBbVk8tbYVgEE6oTBbFT1vkVdF7EzaP7bMQ26wWA=",
        "owner": "numtide",
        "repo": "flake-utils",
        "rev": "04b4d989fda8f14e6fcd1fee631eab9c54d15b97",
        "type": "github"
      },
      "original": {
        "owner": "numtide",
        "repo": "flake-utils",
        "type": "github"
      }
    },
    "flake-utils_2": {
      "locked": {
        "lastModified": 1644229661,
        "narHash": "sha256-1YdnJAsNy69bpcjuoKdOYQX0YxZBiCYZo4Twxerqv7k=",
        "owner": "numtide",
        "repo": "flake-utils",
        "rev": "3cecb5b042f7f209c56ffd8371b2711a290ec797",
        "type": "github"
      },
      "original": {
        "owner": "numtide",
        "repo": "flake-utils",
        "type": "github"
      }
    },
    "nixpkgs": {
      "locked": {
        "lastModified": 1652739558,
        "narHash": "sha256-znGkjGugajqF/sFS+H4+ENmGTaVPFE0uu1JjQZJLEaQ=",
        "owner": "nixos",
        "repo": "nixpkgs",
        "rev": "ff691ed9ba21528c1b4e034f36a04027e4522c58",
        "type": "github"
      },
      "original": {
        "owner": "nixos",
        "repo": "nixpkgs",
        "type": "github"
      }
    },
    "nixpkgs_2": {
      "locked": {
        "lastModified": 1645655918,
        "narHash": "sha256-ZfbEFRW7o237+A1P7eTKhXje435FCAoe0blj2n20Was=",
        "owner": "nixos",
        "repo": "nixpkgs",
        "rev": "77a7a4197740213879b9a1d2e1788c6c8ade4274",
        "type": "github"
      },
      "original": {
        "id": "nixpkgs",
        "type": "indirect"
      }
    },
    "pre-commit-hooks": {
      "inputs": {
        "flake-utils": "flake-utils_2",
        "nixpkgs": "nixpkgs_2"
      },
      "locked": {
        "lastModified": 1652743250,
        "narHash": "sha256-NKUxxWngKHuPUG4oOzng2Q/HgnZb6CmK3A9E72FP7b4=",
        "owner": "jmgilman",
        "repo": "pre-commit-hooks.nix",
        "rev": "bf34b51059f54ab13a274e7a8c62530725964313",
        "type": "github"
      },
      "original": {
        "owner": "jmgilman",
        "ref": "hadolint",
        "repo": "pre-commit-hooks.nix",
        "type": "github"
      }
    },
    "root": {
      "inputs": {
        "flake-utils": "flake-utils",
        "nixpkgs": "nixpkgs",
        "pre-commit-hooks": "pre-commit-hooks"
      }
    }
  },
  "root": "root",
  "version": 7
}
